{
  "pins" : [
    {
      "identity" : "tvdevicelibetmp",
      "kind" : "remoteSourceControl",
      "location" : "https://github.com/PrakashT/tvDeviceLibETMP",
      "state" : {
        "branch" : "main",
        "revision" : "99990f879dfae5d7d350fcf72e70442fc2d602d7"
      }
    }
  ],
  "version" : 2
}
